{
  "name": "server",
  "version": "1.0.0",
  "lockfileVersion": 1,
  "requires": true,
  "dependencies": {
    "axios": {
      "version": "0.21.1",
      "resolved": "https://na.artifactory.swg-devops.com/artifactory/api/npm/hyc-hdm-npm-virtual/axios/-/axios-0.21.1.tgz?dl=https%3A%2F%2Fregistry.npmjs.org%2Faxios%2F-%2Faxios-0.21.1.tgz",
      "integrity": "sha1-IlY0gZYvTWvemnbVFu8OXTwJsrg=",
      "requires": {
        "follow-redirects": "^1.10.0"
      }
    },
    "bottleneck": {
      "version": "2.19.5",
      "resolved": "https://na.artifactory.swg-devops.com/artifactory/api/npm/hyc-hdm-npm-virtual/bottleneck/-/bottleneck-2.19.5.tgz?dl=https%3A%2F%2Fregistry.npmjs.org%2Fbottleneck%2F-%2Fbottleneck-2.19.5.tgz",
      "integrity": "sha1-XfC5D1n9R2VuvmPHiphBkgXK3ZE="
    },
    "debug": {
      "version": "3.1.0",
      "resolved": "https://na.artifactory.swg-devops.com/artifactory/api/npm/hyc-hdm-npm-virtual/debug/-/debug-3.1.0.tgz?dl=https%3A%2F%2Fregistry.npmjs.org%2Fdebug%2F-%2Fdebug-3.1.0.tgz",
      "integrity": "sha1-W7WgZyYotkFJVmuhaBnmFRjGcmE=",
      "requires": {
        "ms": "2.0.0"
      }
    },
    "follow-redirects": {
      "version": "1.13.1",
      "resolved": "https://na.artifactory.swg-devops.com/artifactory/api/npm/hyc-hdm-npm-virtual/follow-redirects/-/follow-redirects-1.13.1.tgz?dl=https%3A%2F%2Fregistry.npmjs.org%2Ffollow-redirects%2F-%2Ffollow-redirects-1.13.1.tgz",
      "integrity": "sha1-X2m4Ezds7k/QR0o6uoNd8Eq3Y7c="
    },
    "get-ssl-certificate": {
      "version": "2.3.3",
      "resolved": "https://na.artifactory.swg-devops.com/artifactory/api/npm/hyc-hdm-npm-virtual/get-ssl-certificate/-/get-ssl-certificate-2.3.3.tgz?dl=https%3A%2F%2Fregistry.npmjs.org%2Fget-ssl-certificate%2F-%2Fget-ssl-certificate-2.3.3.tgz",
      "integrity": "sha1-yKQ9ocd5abKh2r6Pg1an1gzwxLU="
    },
    "huejay": {
      "version": "1.9.0",
      "resolved": "https://na.artifactory.swg-devops.com/artifactory/api/npm/hyc-hdm-npm-virtual/huejay/-/huejay-1.9.0.tgz?dl=https%3A%2F%2Fregistry.npmjs.org%2Fhuejay%2F-%2Fhuejay-1.9.0.tgz",
      "integrity": "sha1-83SG2fsgD7J5z1UBi4gnU/LMMn0=",
      "requires": {
        "axios": "^0.18.0",
        "moment": "^2.24.0",
        "sprintf-js": "^1.1.2"
      },
      "dependencies": {
        "axios": {
          "version": "0.18.1",
          "resolved": "https://na.artifactory.swg-devops.com/artifactory/api/npm/hyc-hdm-npm-virtual/axios/-/axios-0.18.1.tgz?dl=https%3A%2F%2Fregistry.npmjs.org%2Faxios%2F-%2Faxios-0.18.1.tgz",
          "integrity": "sha1-/z8N4ue10YDnV62YAA8Qgbh7zqM=",
          "requires": {
            "follow-redirects": "1.5.10",
            "is-buffer": "^2.0.2"
          }
        },
        "follow-redirects": {
          "version": "1.5.10",
          "resolved": "https://na.artifactory.swg-devops.com/artifactory/api/npm/hyc-hdm-npm-virtual/follow-redirects/-/follow-redirects-1.5.10.tgz?dl=https%3A%2F%2Fregistry.npmjs.org%2Ffollow-redirects%2F-%2Ffollow-redirects-1.5.10.tgz",
          "integrity": "sha1-e3qfmuov3/NnhqlP9kPtB/T/Xio=",
          "requires": {
            "debug": "=3.1.0"
          }
        }
      }
    },
    "is-buffer": {
      "version": "2.0.5",
      "resolved": "https://na.artifactory.swg-devops.com/artifactory/api/npm/hyc-hdm-npm-virtual/is-buffer/-/is-buffer-2.0.5.tgz?dl=https%3A%2F%2Fregistry.npmjs.org%2Fis-buffer%2F-%2Fis-buffer-2.0.5.tgz",
      "integrity": "sha1-68JS5ADSL/jXf6CYiIIaJKZYwZE="
    },
    "moment": {
      "version": "2.29.1",
      "resolved": "https://na.artifactory.swg-devops.com/artifactory/api/npm/hyc-hdm-npm-virtual/moment/-/moment-2.29.1.tgz?dl=https%3A%2F%2Fregistry.npmjs.org%2Fmoment%2F-%2Fmoment-2.29.1.tgz",
      "integrity": "sha1-sr52n6MZQL6e7qZGnAdeNQBvo9M="
    },
    "ms": {
      "version": "2.0.0",
      "resolved": "https://na.artifactory.swg-devops.com/artifactory/api/npm/hyc-hdm-npm-virtual/ms/-/ms-2.0.0.tgz?dl=https%3A%2F%2Fregistry.npmjs.org%2Fms%2F-%2Fms-2.0.0.tgz",
      "integrity": "sha1-VgiurfwAvmwpAd9fmGF4jeDVl8g="
    },
    "node-hue-api": {
      "version": "4.0.10",
      "resolved": "https://na.artifactory.swg-devops.com/artifactory/api/npm/hyc-hdm-npm-virtual/node-hue-api/-/node-hue-api-4.0.10.tgz?dl=https%3A%2F%2Fregistry.npmjs.org%2Fnode-hue-api%2F-%2Fnode-hue-api-4.0.10.tgz",
      "integrity": "sha1-c5sMDySimIfz/xpCA39PN7xcIyc=",
      "requires": {
        "axios": "^0.21.1",
        "bottleneck": "^2.19.5",
        "get-ssl-certificate": "^2.3.3"
      }
    },
    "sprintf-js": {
      "version": "1.1.2",
      "resolved": "https://na.artifactory.swg-devops.com/artifactory/api/npm/hyc-hdm-npm-virtual/sprintf-js/-/sprintf-js-1.1.2.tgz?dl=https%3A%2F%2Fregistry.npmjs.org%2Fsprintf-js%2F-%2Fsprintf-js-1.1.2.tgz&dl=https%3A%2F%2Fna-sl.artifactory.swg-devops.com%3A443%2Fartifactory%2Fapi%2Fnpm%2Ftaas-central-npm-virtual%2Fsprintf-js%2F-%2Fsprintf-js-1.1.2.tgz%3Fdl%3Dhttps%3A%2F%2Fregistry.npmjs.org%2Fsprintf-js%2F-%2Fsprintf-js-1.1.2.tgz",
      "integrity": "sha1-2hdlJiv4wPVxdJ8q1sJjACB65nM="
    }
  }
}
